
Microsoft Visual Studio Solution File, Format Version 12.00
# Visual Studio 15
VisualStudioVersion = 15.0.28010.2016
MinimumVisualStudioVersion = 10.0.40219.1
Project("{FAE04EC0-301F-11D3-BF4B-00C04F79EFBC}") = "01-ByteBank", "01-ByteBank\01-ByteBank.csproj", "{19C0E073-9A53-49C7-973B-117BB04C85AB}"
EndProject
Project("{FAE04EC0-301F-11D3-BF4B-00C04F79EFBC}") = "02-ByteBank", "02-ByteBank\02-ByteBank.csproj", "{3A5725ED-89C2-45FF-973D-EA9C69D9EDF3}"
EndProject
Project("{FAE04EC0-301F-11D3-BF4B-00C04F79EFBC}") = "03-ByteBank", "03-ByteBank\03-ByteBank.csproj", "{A739AD65-5CF5-4ECB-ABFC-9B37A54A3212}"
EndProject
Global
	GlobalSection(SolutionConfigurationPlatforms) = preSolution
		Debug|Any CPU = Debug|Any CPU
		Release|Any CPU = Release|Any CPU
	EndGlobalSection
	GlobalSection(ProjectConfigurationPlatforms) = postSolution
		{19C0E073-9A53-49C7-973B-117BB04C85AB}.Debug|Any CPU.ActiveCfg = Debug|Any CPU
		{19C0E073-9A53-49C7-973B-117BB04C85AB}.Debug|Any CPU.Build.0 = Debug|Any CPU
		{19C0E073-9A53-49C7-973B-117BB04C85AB}.Release|Any CPU.ActiveCfg = Release|Any CPU
		{19C0E073-9A53-49C7-973B-117BB04C85AB}.Release|Any CPU.Build.0 = Release|Any CPU
		{3A5725ED-89C2-45FF-973D-EA9C69D9EDF3}.Debug|Any CPU.ActiveCfg = Debug|Any CPU
		{3A5725ED-89C2-45FF-973D-EA9C69D9EDF3}.Debug|Any CPU.Build.0 = Debug|Any CPU
		{3A5725ED-89C2-45FF-973D-EA9C69D9EDF3}.Release|Any CPU.ActiveCfg = Release|Any CPU
		{3A5725ED-89C2-45FF-973D-EA9C69D9EDF3}.Release|Any CPU.Build.0 = Release|Any CPU
		{A739AD65-5CF5-4ECB-ABFC-9B37A54A3212}.Debug|Any CPU.ActiveCfg = Debug|Any CPU
		{A739AD65-5CF5-4ECB-ABFC-9B37A54A3212}.Debug|Any CPU.Build.0 = Debug|Any CPU
		{A739AD65-5CF5-4ECB-ABFC-9B37A54A3212}.Release|Any CPU.ActiveCfg = Release|Any CPU
		{A739AD65-5CF5-4ECB-ABFC-9B37A54A3212}.Release|Any CPU.Build.0 = Release|Any CPU
	EndGlobalSection
	GlobalSection(SolutionProperties) = preSolution
		HideSolutionNode = FALSE
	EndGlobalSection
	GlobalSection(ExtensibilityGlobals) = postSolution
		SolutionGuid = {CEE46ED8-AD89-42B8-835B-B23E8E3DDDB3}
	EndGlobalSection
EndGlobal
